
Microsoft Visual Studio Solution File, Format Version 12.00
# Visual Studio Version 17
VisualStudioVersion = 17.10.35013.160
MinimumVisualStudioVersion = 10.0.40219.1
Project("{FAE04EC0-301F-11D3-BF4B-00C04F79EFBC}") = "DuplicateCount", "DuplicateCount\DuplicateCount.csproj", "{FEE0A8FF-ADEF-4758-9901-0700918D29F6}"
EndProject
Global
	GlobalSection(SolutionConfigurationPlatforms) = preSolution
		Debug|Any CPU = Debug|Any CPU
		Release|Any CPU = Release|Any CPU
	EndGlobalSection
	GlobalSection(ProjectConfigurationPlatforms) = postSolution
		{FEE0A8FF-ADEF-4758-9901-0700918D29F6}.Debug|Any CPU.ActiveCfg = Debug|Any CPU
		{FEE0A8FF-ADEF-4758-9901-0700918D29F6}.Debug|Any CPU.Build.0 = Debug|Any CPU
		{FEE0A8FF-ADEF-4758-9901-0700918D29F6}.Release|Any CPU.ActiveCfg = Release|Any CPU
		{FEE0A8FF-ADEF-4758-9901-0700918D29F6}.Release|Any CPU.Build.0 = Release|Any CPU
	EndGlobalSection
	GlobalSection(SolutionProperties) = preSolution
		HideSolutionNode = FALSE
	EndGlobalSection
	GlobalSection(ExtensibilityGlobals) = postSolution
		SolutionGuid = {FF2CB568-D8B6-4F5E-9D55-9E3851761114}
	EndGlobalSection
EndGlobal
