
Microsoft Visual Studio Solution File, Format Version 12.00
# Visual Studio Version 17
VisualStudioVersion = 17.10.35013.160
MinimumVisualStudioVersion = 10.0.40219.1
Project("{FAE04EC0-301F-11D3-BF4B-00C04F79EFBC}") = "PredictAge", "PredictAge\PredictAge.csproj", "{133F9D28-B8A3-4D4C-BE0A-A22F35B81885}"
EndProject
Global
	GlobalSection(SolutionConfigurationPlatforms) = preSolution
		Debug|Any CPU = Debug|Any CPU
		Release|Any CPU = Release|Any CPU
	EndGlobalSection
	GlobalSection(ProjectConfigurationPlatforms) = postSolution
		{133F9D28-B8A3-4D4C-BE0A-A22F35B81885}.Debug|Any CPU.ActiveCfg = Debug|Any CPU
		{133F9D28-B8A3-4D4C-BE0A-A22F35B81885}.Debug|Any CPU.Build.0 = Debug|Any CPU
		{133F9D28-B8A3-4D4C-BE0A-A22F35B81885}.Release|Any CPU.ActiveCfg = Release|Any CPU
		{133F9D28-B8A3-4D4C-BE0A-A22F35B81885}.Release|Any CPU.Build.0 = Release|Any CPU
	EndGlobalSection
	GlobalSection(SolutionProperties) = preSolution
		HideSolutionNode = FALSE
	EndGlobalSection
	GlobalSection(ExtensibilityGlobals) = postSolution
		SolutionGuid = {A7A7FDF1-AA4E-422A-906E-A0A47EAB8483}
	EndGlobalSection
EndGlobal
