
Microsoft Visual Studio Solution File, Format Version 12.00
# Visual Studio Version 17
VisualStudioVersion = 17.10.35013.160
MinimumVisualStudioVersion = 10.0.40219.1
Project("{FAE04EC0-301F-11D3-BF4B-00C04F79EFBC}") = "CountTheSmileyFace", "CountTheSmileyFace\CountTheSmileyFace.csproj", "{A995D04E-82BB-4E9C-8B4D-76CB0DF92A42}"
EndProject
Global
	GlobalSection(SolutionConfigurationPlatforms) = preSolution
		Debug|Any CPU = Debug|Any CPU
		Release|Any CPU = Release|Any CPU
	EndGlobalSection
	GlobalSection(ProjectConfigurationPlatforms) = postSolution
		{A995D04E-82BB-4E9C-8B4D-76CB0DF92A42}.Debug|Any CPU.ActiveCfg = Debug|Any CPU
		{A995D04E-82BB-4E9C-8B4D-76CB0DF92A42}.Debug|Any CPU.Build.0 = Debug|Any CPU
		{A995D04E-82BB-4E9C-8B4D-76CB0DF92A42}.Release|Any CPU.ActiveCfg = Release|Any CPU
		{A995D04E-82BB-4E9C-8B4D-76CB0DF92A42}.Release|Any CPU.Build.0 = Release|Any CPU
	EndGlobalSection
	GlobalSection(SolutionProperties) = preSolution
		HideSolutionNode = FALSE
	EndGlobalSection
	GlobalSection(ExtensibilityGlobals) = postSolution
		SolutionGuid = {26AB1B95-920F-4990-BC0B-09DF51F9BB44}
	EndGlobalSection
EndGlobal
