
Microsoft Visual Studio Solution File, Format Version 12.00
# Visual Studio Version 17
VisualStudioVersion = 17.10.35013.160
MinimumVisualStudioVersion = 10.0.40219.1
Project("{FAE04EC0-301F-11D3-BF4B-00C04F79EFBC}") = "CategorizeNewMember", "CategorizeNewMember\CategorizeNewMember.csproj", "{921807AC-AE27-48E9-8557-456E88E99788}"
EndProject
Global
	GlobalSection(SolutionConfigurationPlatforms) = preSolution
		Debug|Any CPU = Debug|Any CPU
		Release|Any CPU = Release|Any CPU
	EndGlobalSection
	GlobalSection(ProjectConfigurationPlatforms) = postSolution
		{921807AC-AE27-48E9-8557-456E88E99788}.Debug|Any CPU.ActiveCfg = Debug|Any CPU
		{921807AC-AE27-48E9-8557-456E88E99788}.Debug|Any CPU.Build.0 = Debug|Any CPU
		{921807AC-AE27-48E9-8557-456E88E99788}.Release|Any CPU.ActiveCfg = Release|Any CPU
		{921807AC-AE27-48E9-8557-456E88E99788}.Release|Any CPU.Build.0 = Release|Any CPU
	EndGlobalSection
	GlobalSection(SolutionProperties) = preSolution
		HideSolutionNode = FALSE
	EndGlobalSection
	GlobalSection(ExtensibilityGlobals) = postSolution
		SolutionGuid = {FDA75A86-761B-44F1-9AC1-8669085CDE0F}
	EndGlobalSection
EndGlobal
